
Microsoft Visual Studio Solution File, Format Version 12.00
# Visual Studio Version 16
VisualStudioVersion = 16.0.30309.148
MinimumVisualStudioVersion = 10.0.40219.1
Project("{888888A0-9F3D-457C-B088-3A5042F75D52}") = "LastMatch", "LastMatch\LastMatch.pyproj", "{0DF4C347-52D5-44D9-89FE-A342DE8C94C7}"
EndProject
Global
	GlobalSection(SolutionConfigurationPlatforms) = preSolution
		Debug|Any CPU = Debug|Any CPU
		Release|Any CPU = Release|Any CPU
	EndGlobalSection
	GlobalSection(ProjectConfigurationPlatforms) = postSolution
		{0DF4C347-52D5-44D9-89FE-A342DE8C94C7}.Debug|Any CPU.ActiveCfg = Debug|Any CPU
		{0DF4C347-52D5-44D9-89FE-A342DE8C94C7}.Release|Any CPU.ActiveCfg = Release|Any CPU
	EndGlobalSection
	GlobalSection(SolutionProperties) = preSolution
		HideSolutionNode = FALSE
	EndGlobalSection
	GlobalSection(ExtensibilityGlobals) = postSolution
		SolutionGuid = {A73FE40B-C01C-449E-966F-A2D703DB9515}
	EndGlobalSection
EndGlobal
